
Microsoft Visual Studio Solution File, Format Version 12.00
# Visual Studio 2012
Project("{FAE04EC0-301F-11D3-BF4B-00C04F79EFBC}") = "XamarinLogo.Mac", "XamarinLogo.Mac\XamarinLogo.Mac.csproj", "{2477E3DE-D296-4CC4-A219-B01707B45437}"
EndProject
Project("{FAE04EC0-301F-11D3-BF4B-00C04F79EFBC}") = "XamarinLogo.iOS", "XamarinLogo.iOS\XamarinLogo.iOS.csproj", "{CA8E1C89-3D8D-42C0-A0F2-8C5EC76D5A10}"
EndProject
Global
	GlobalSection(SolutionConfigurationPlatforms) = preSolution
		Debug|iPhoneSimulator = Debug|iPhoneSimulator
		Release|iPhoneSimulator = Release|iPhoneSimulator
		Debug|iPhone = Debug|iPhone
		Release|iPhone = Release|iPhone
		Ad-Hoc|iPhone = Ad-Hoc|iPhone
		AppStore|iPhone = AppStore|iPhone
	EndGlobalSection
	GlobalSection(ProjectConfigurationPlatforms) = postSolution
		{2477E3DE-D296-4CC4-A219-B01707B45437}.Ad-Hoc|iPhone.ActiveCfg = Release|Any CPU
		{2477E3DE-D296-4CC4-A219-B01707B45437}.Ad-Hoc|iPhone.Build.0 = Release|Any CPU
		{2477E3DE-D296-4CC4-A219-B01707B45437}.AppStore|iPhone.ActiveCfg = AppStore|Any CPU
		{2477E3DE-D296-4CC4-A219-B01707B45437}.AppStore|iPhone.Build.0 = AppStore|Any CPU
		{2477E3DE-D296-4CC4-A219-B01707B45437}.Debug|iPhone.ActiveCfg = Debug|Any CPU
		{2477E3DE-D296-4CC4-A219-B01707B45437}.Debug|iPhone.Build.0 = Debug|Any CPU
		{2477E3DE-D296-4CC4-A219-B01707B45437}.Debug|iPhoneSimulator.ActiveCfg = Debug|Any CPU
		{2477E3DE-D296-4CC4-A219-B01707B45437}.Debug|iPhoneSimulator.Build.0 = Debug|Any CPU
		{2477E3DE-D296-4CC4-A219-B01707B45437}.Release|iPhone.ActiveCfg = Release|Any CPU
		{2477E3DE-D296-4CC4-A219-B01707B45437}.Release|iPhone.Build.0 = Release|Any CPU
		{2477E3DE-D296-4CC4-A219-B01707B45437}.Release|iPhoneSimulator.ActiveCfg = Release|Any CPU
		{2477E3DE-D296-4CC4-A219-B01707B45437}.Release|iPhoneSimulator.Build.0 = Release|Any CPU
		{CA8E1C89-3D8D-42C0-A0F2-8C5EC76D5A10}.Ad-Hoc|iPhone.ActiveCfg = Ad-Hoc|iPhone
		{CA8E1C89-3D8D-42C0-A0F2-8C5EC76D5A10}.Ad-Hoc|iPhone.Build.0 = Ad-Hoc|iPhone
		{CA8E1C89-3D8D-42C0-A0F2-8C5EC76D5A10}.AppStore|iPhone.ActiveCfg = AppStore|iPhone
		{CA8E1C89-3D8D-42C0-A0F2-8C5EC76D5A10}.AppStore|iPhone.Build.0 = AppStore|iPhone
		{CA8E1C89-3D8D-42C0-A0F2-8C5EC76D5A10}.Debug|iPhone.ActiveCfg = Debug|iPhone
		{CA8E1C89-3D8D-42C0-A0F2-8C5EC76D5A10}.Debug|iPhone.Build.0 = Debug|iPhone
		{CA8E1C89-3D8D-42C0-A0F2-8C5EC76D5A10}.Debug|iPhoneSimulator.ActiveCfg = Debug|iPhoneSimulator
		{CA8E1C89-3D8D-42C0-A0F2-8C5EC76D5A10}.Debug|iPhoneSimulator.Build.0 = Debug|iPhoneSimulator
		{CA8E1C89-3D8D-42C0-A0F2-8C5EC76D5A10}.Release|iPhone.ActiveCfg = Release|iPhone
		{CA8E1C89-3D8D-42C0-A0F2-8C5EC76D5A10}.Release|iPhone.Build.0 = Release|iPhone
		{CA8E1C89-3D8D-42C0-A0F2-8C5EC76D5A10}.Release|iPhoneSimulator.ActiveCfg = Release|iPhoneSimulator
		{CA8E1C89-3D8D-42C0-A0F2-8C5EC76D5A10}.Release|iPhoneSimulator.Build.0 = Release|iPhoneSimulator
	EndGlobalSection
	GlobalSection(MonoDevelopProperties) = preSolution
		StartupItem = XamarinLogo.Mac\XamarinLogo.Mac.csproj
	EndGlobalSection
EndGlobal
